
Microsoft Visual Studio Solution File, Format Version 12.00
# Visual Studio Version 16
VisualStudioVersion = 16.0.30104.148
MinimumVisualStudioVersion = 10.0.40219.1
Project("{9A19103F-16F7-4668-BE54-9A1E7A4F7556}") = "PhDSystem.Api", "PhDSystem.Api\PhDSystem.Api.csproj", "{4FE82365-1186-4BFF-8419-538F5852AF85}"
EndProject
Project("{9A19103F-16F7-4668-BE54-9A1E7A4F7556}") = "PhDSystem.Data", "PhDSystem.Data\PhDSystem.Data.csproj", "{5FC96F2E-CFA8-40CE-BC53-FB940592390F}"
EndProject
Global
	GlobalSection(SolutionConfigurationPlatforms) = preSolution
		Debug|Any CPU = Debug|Any CPU
		Release|Any CPU = Release|Any CPU
	EndGlobalSection
	GlobalSection(ProjectConfigurationPlatforms) = postSolution
		{4FE82365-1186-4BFF-8419-538F5852AF85}.Debug|Any CPU.ActiveCfg = Debug|Any CPU
		{4FE82365-1186-4BFF-8419-538F5852AF85}.Debug|Any CPU.Build.0 = Debug|Any CPU
		{4FE82365-1186-4BFF-8419-538F5852AF85}.Release|Any CPU.ActiveCfg = Release|Any CPU
		{4FE82365-1186-4BFF-8419-538F5852AF85}.Release|Any CPU.Build.0 = Release|Any CPU
		{5FC96F2E-CFA8-40CE-BC53-FB940592390F}.Debug|Any CPU.ActiveCfg = Debug|Any CPU
		{5FC96F2E-CFA8-40CE-BC53-FB940592390F}.Debug|Any CPU.Build.0 = Debug|Any CPU
		{5FC96F2E-CFA8-40CE-BC53-FB940592390F}.Release|Any CPU.ActiveCfg = Release|Any CPU
		{5FC96F2E-CFA8-40CE-BC53-FB940592390F}.Release|Any CPU.Build.0 = Release|Any CPU
	EndGlobalSection
	GlobalSection(SolutionProperties) = preSolution
		HideSolutionNode = FALSE
	EndGlobalSection
	GlobalSection(ExtensibilityGlobals) = postSolution
		SolutionGuid = {44D8BD11-CF92-418F-8798-FCD6C5B14A1A}
	EndGlobalSection
EndGlobal
