
Microsoft Visual Studio Solution File, Format Version 12.00
# Visual Studio Version 16
VisualStudioVersion = 16.0.30104.148
MinimumVisualStudioVersion = 10.0.40219.1
Project("{9A19103F-16F7-4668-BE54-9A1E7A4F7556}") = "PhDSystem.Api", "PhDSystem.Api\PhDSystem.Api.csproj", "{4FE82365-1186-4BFF-8419-538F5852AF85}"
EndProject
Project("{2150E333-8FDC-42A3-9474-1A3956D46DE8}") = "src", "src", "{2EC9B779-AB03-4049-B5B0-E4DEF08607F4}"
EndProject
Project("{2150E333-8FDC-42A3-9474-1A3956D46DE8}") = "tests", "tests", "{6B994FAA-DFE2-4992-BF1D-E5F0E543A56A}"
EndProject
Project("{9A19103F-16F7-4668-BE54-9A1E7A4F7556}") = "PhDSystem.UnitTests", "PhDSystem.UnitTests\PhDSystem.UnitTests.csproj", "{C9A30FF0-4A5C-4617-8ED1-58940DBF09C8}"
EndProject
Project("{9A19103F-16F7-4668-BE54-9A1E7A4F7556}") = "PhDSystem.Core", "PhDSystem.Core\PhDSystem.Core.csproj", "{EA7C9236-A29E-4C84-BAED-6A04004A4BEB}"
EndProject
Project("{9A19103F-16F7-4668-BE54-9A1E7A4F7556}") = "PhDSystem.Data", "PhDSystem.Data\PhDSystem.Data.csproj", "{87A7864E-9207-4852-B073-E986C526DC74}"
EndProject
Global
	GlobalSection(SolutionConfigurationPlatforms) = preSolution
		Debug|Any CPU = Debug|Any CPU
		Release|Any CPU = Release|Any CPU
	EndGlobalSection
	GlobalSection(ProjectConfigurationPlatforms) = postSolution
		{4FE82365-1186-4BFF-8419-538F5852AF85}.Debug|Any CPU.ActiveCfg = Debug|Any CPU
		{4FE82365-1186-4BFF-8419-538F5852AF85}.Debug|Any CPU.Build.0 = Debug|Any CPU
		{4FE82365-1186-4BFF-8419-538F5852AF85}.Release|Any CPU.ActiveCfg = Release|Any CPU
		{4FE82365-1186-4BFF-8419-538F5852AF85}.Release|Any CPU.Build.0 = Release|Any CPU
		{C9A30FF0-4A5C-4617-8ED1-58940DBF09C8}.Debug|Any CPU.ActiveCfg = Debug|Any CPU
		{C9A30FF0-4A5C-4617-8ED1-58940DBF09C8}.Debug|Any CPU.Build.0 = Debug|Any CPU
		{C9A30FF0-4A5C-4617-8ED1-58940DBF09C8}.Release|Any CPU.ActiveCfg = Release|Any CPU
		{C9A30FF0-4A5C-4617-8ED1-58940DBF09C8}.Release|Any CPU.Build.0 = Release|Any CPU
		{EA7C9236-A29E-4C84-BAED-6A04004A4BEB}.Debug|Any CPU.ActiveCfg = Debug|Any CPU
		{EA7C9236-A29E-4C84-BAED-6A04004A4BEB}.Debug|Any CPU.Build.0 = Debug|Any CPU
		{EA7C9236-A29E-4C84-BAED-6A04004A4BEB}.Release|Any CPU.ActiveCfg = Release|Any CPU
		{EA7C9236-A29E-4C84-BAED-6A04004A4BEB}.Release|Any CPU.Build.0 = Release|Any CPU
		{87A7864E-9207-4852-B073-E986C526DC74}.Debug|Any CPU.ActiveCfg = Debug|Any CPU
		{87A7864E-9207-4852-B073-E986C526DC74}.Debug|Any CPU.Build.0 = Debug|Any CPU
		{87A7864E-9207-4852-B073-E986C526DC74}.Release|Any CPU.ActiveCfg = Release|Any CPU
		{87A7864E-9207-4852-B073-E986C526DC74}.Release|Any CPU.Build.0 = Release|Any CPU
	EndGlobalSection
	GlobalSection(SolutionProperties) = preSolution
		HideSolutionNode = FALSE
	EndGlobalSection
	GlobalSection(NestedProjects) = preSolution
		{4FE82365-1186-4BFF-8419-538F5852AF85} = {2EC9B779-AB03-4049-B5B0-E4DEF08607F4}
		{C9A30FF0-4A5C-4617-8ED1-58940DBF09C8} = {6B994FAA-DFE2-4992-BF1D-E5F0E543A56A}
		{EA7C9236-A29E-4C84-BAED-6A04004A4BEB} = {2EC9B779-AB03-4049-B5B0-E4DEF08607F4}
		{87A7864E-9207-4852-B073-E986C526DC74} = {2EC9B779-AB03-4049-B5B0-E4DEF08607F4}
	EndGlobalSection
	GlobalSection(ExtensibilityGlobals) = postSolution
		SolutionGuid = {44D8BD11-CF92-418F-8798-FCD6C5B14A1A}
	EndGlobalSection
EndGlobal
